
Microsoft Visual Studio Solution File, Format Version 12.00
# Visual Studio Version 17
VisualStudioVersion = 17.0.31903.59
MinimumVisualStudioVersion = 10.0.40219.1
Project("{2150E333-8FDC-42A3-9474-1A3956D46DE8}") = "src", "src", "{BDED5A14-4FA6-4AB8-8C31-59F52DAE1001}"
EndProject
Project("{FAE04EC0-301F-11D3-BF4B-00C04F79EFBC}") = "Gateway.Api", "src\Gateway.Api\Gateway.Api.csproj", "{84418CD4-B5E9-4FAC-BFF1-D5A3865BFB5D}"
EndProject
Global
	GlobalSection(SolutionConfigurationPlatforms) = preSolution
		Debug|Any CPU = Debug|Any CPU
		Release|Any CPU = Release|Any CPU
	EndGlobalSection
	GlobalSection(SolutionProperties) = preSolution
		HideSolutionNode = FALSE
	EndGlobalSection
	GlobalSection(NestedProjects) = preSolution
		{84418CD4-B5E9-4FAC-BFF1-D5A3865BFB5D} = {BDED5A14-4FA6-4AB8-8C31-59F52DAE1001}
	EndGlobalSection
	GlobalSection(ProjectConfigurationPlatforms) = postSolution
		{84418CD4-B5E9-4FAC-BFF1-D5A3865BFB5D}.Debug|Any CPU.ActiveCfg = Debug|Any CPU
		{84418CD4-B5E9-4FAC-BFF1-D5A3865BFB5D}.Debug|Any CPU.Build.0 = Debug|Any CPU
		{84418CD4-B5E9-4FAC-BFF1-D5A3865BFB5D}.Release|Any CPU.ActiveCfg = Release|Any CPU
		{84418CD4-B5E9-4FAC-BFF1-D5A3865BFB5D}.Release|Any CPU.Build.0 = Release|Any CPU
	EndGlobalSection
EndGlobal
